{
  "originHash" : "57babb80bad6d57d52ca56a383f41afd49b2decd9300745e3e69ca0cbfae156b",
  "pins" : [
    {
      "identity" : "keyboardshortcuts",
      "kind" : "remoteSourceControl",
      "location" : "https://github.com/sindresorhus/KeyboardShortcuts",
      "state" : {
        "revision" : "c3c361f409b8dbe1eab186078b41c330a6a82c9a",
        "version" : "2.2.2"
      }
    },
    {
      "identity" : "witness",
      "kind" : "remoteSourceControl",
      "location" : "https://github.com/njdehoog/witness.git",
      "state" : {
        "revision" : "b0469457b460fc78620e3b456fed9b18669100d5"
      }
    }
  ],
  "version" : 3
}
